
Microsoft Visual Studio Solution File, Format Version 12.00
# Visual Studio 2013
VisualStudioVersion = 12.0.30723.0
MinimumVisualStudioVersion = 10.0.40219.1
Project("{FAE04EC0-301F-11D3-BF4B-00C04F79EFBC}") = "AcademyForumRSS", "AcademyForumRSS\AcademyForumRSS.csproj", "{F178180F-52F9-416B-A3C2-AD6AECDB2FCF}"
EndProject
Global
	GlobalSection(SolutionConfigurationPlatforms) = preSolution
		Debug|Any CPU = Debug|Any CPU
		Release|Any CPU = Release|Any CPU
	EndGlobalSection
	GlobalSection(ProjectConfigurationPlatforms) = postSolution
		{F178180F-52F9-416B-A3C2-AD6AECDB2FCF}.Debug|Any CPU.ActiveCfg = Debug|Any CPU
		{F178180F-52F9-416B-A3C2-AD6AECDB2FCF}.Debug|Any CPU.Build.0 = Debug|Any CPU
		{F178180F-52F9-416B-A3C2-AD6AECDB2FCF}.Release|Any CPU.ActiveCfg = Release|Any CPU
		{F178180F-52F9-416B-A3C2-AD6AECDB2FCF}.Release|Any CPU.Build.0 = Release|Any CPU
	EndGlobalSection
	GlobalSection(SolutionProperties) = preSolution
		HideSolutionNode = FALSE
	EndGlobalSection
EndGlobal
