
Microsoft Visual Studio Solution File, Format Version 12.00
# Visual Studio 2013
VisualStudioVersion = 12.0.30723.0
MinimumVisualStudioVersion = 10.0.40219.1
Project("{FAE04EC0-301F-11D3-BF4B-00C04F79EFBC}") = "11.Entity-Framework-Performance", "11.Entity-Framework-Performance\11.Entity-Framework-Performance.csproj", "{271B194A-5DE4-46EB-A460-C551B545EFCD}"
EndProject
Project("{FAE04EC0-301F-11D3-BF4B-00C04F79EFBC}") = "TelerikAcademy.Data", "TelericAcademy.Data\TelerikAcademy.Data.csproj", "{CCF66290-49D9-4BEE-85DF-BC97DB630F1E}"
EndProject
Global
	GlobalSection(SolutionConfigurationPlatforms) = preSolution
		Debug|Any CPU = Debug|Any CPU
		Release|Any CPU = Release|Any CPU
	EndGlobalSection
	GlobalSection(ProjectConfigurationPlatforms) = postSolution
		{271B194A-5DE4-46EB-A460-C551B545EFCD}.Debug|Any CPU.ActiveCfg = Debug|Any CPU
		{271B194A-5DE4-46EB-A460-C551B545EFCD}.Debug|Any CPU.Build.0 = Debug|Any CPU
		{271B194A-5DE4-46EB-A460-C551B545EFCD}.Release|Any CPU.ActiveCfg = Release|Any CPU
		{271B194A-5DE4-46EB-A460-C551B545EFCD}.Release|Any CPU.Build.0 = Release|Any CPU
		{CCF66290-49D9-4BEE-85DF-BC97DB630F1E}.Debug|Any CPU.ActiveCfg = Debug|Any CPU
		{CCF66290-49D9-4BEE-85DF-BC97DB630F1E}.Debug|Any CPU.Build.0 = Debug|Any CPU
		{CCF66290-49D9-4BEE-85DF-BC97DB630F1E}.Release|Any CPU.ActiveCfg = Release|Any CPU
		{CCF66290-49D9-4BEE-85DF-BC97DB630F1E}.Release|Any CPU.Build.0 = Release|Any CPU
	EndGlobalSection
	GlobalSection(SolutionProperties) = preSolution
		HideSolutionNode = FALSE
	EndGlobalSection
EndGlobal
